
Microsoft Visual Studio Solution File, Format Version 12.00
# Visual Studio 15
VisualStudioVersion = 15.0.28307.1062
MinimumVisualStudioVersion = 10.0.40219.1
Project("{FAE04EC0-301F-11D3-BF4B-00C04F79EFBC}") = "Brackets", "Brackets.csproj", "{7D019E2E-B7B3-4E11-96B9-678B614473D6}"
EndProject
Project("{FAE04EC0-301F-11D3-BF4B-00C04F79EFBC}") = "SqlDatabase", "SqlDatabase\SqlDatabase.csproj", "{A8B52E71-461E-423B-9242-0CDFC6E432BA}"
EndProject
Project("{FAE04EC0-301F-11D3-BF4B-00C04F79EFBC}") = "BracketsUI.WebForms", "BracketsUI.WebForms\BracketsUI.WebForms.csproj", "{1BA6C7E6-F54C-463C-B235-3BD8D6D45BE7}"
EndProject
Project("{FAE04EC0-301F-11D3-BF4B-00C04F79EFBC}") = "BracketsUI.MVC", "BracketsUI.MVC\BracketsUI.MVC.csproj", "{B24DE366-A5A5-45C0-975C-69418330A63E}"
EndProject
Project("{FAE04EC0-301F-11D3-BF4B-00C04F79EFBC}") = "Brackets.Data", "Brackets.Data\Brackets.Data.csproj", "{40FAB5CF-269B-4493-B326-CB06B95D82FD}"
EndProject
Project("{FAE04EC0-301F-11D3-BF4B-00C04F79EFBC}") = "Brackets.ViewModels", "Brackets.ViewModels\Brackets.ViewModels.csproj", "{9BE2DB06-48C0-4284-8B87-1A12C397F36D}"
EndProject
Global
	GlobalSection(SolutionConfigurationPlatforms) = preSolution
		Debug|Any CPU = Debug|Any CPU
		Release|Any CPU = Release|Any CPU
	EndGlobalSection
	GlobalSection(ProjectConfigurationPlatforms) = postSolution
		{7D019E2E-B7B3-4E11-96B9-678B614473D6}.Debug|Any CPU.ActiveCfg = Debug|Any CPU
		{7D019E2E-B7B3-4E11-96B9-678B614473D6}.Debug|Any CPU.Build.0 = Debug|Any CPU
		{7D019E2E-B7B3-4E11-96B9-678B614473D6}.Release|Any CPU.ActiveCfg = Release|Any CPU
		{7D019E2E-B7B3-4E11-96B9-678B614473D6}.Release|Any CPU.Build.0 = Release|Any CPU
		{A8B52E71-461E-423B-9242-0CDFC6E432BA}.Debug|Any CPU.ActiveCfg = Debug|Any CPU
		{A8B52E71-461E-423B-9242-0CDFC6E432BA}.Debug|Any CPU.Build.0 = Debug|Any CPU
		{A8B52E71-461E-423B-9242-0CDFC6E432BA}.Release|Any CPU.ActiveCfg = Release|Any CPU
		{A8B52E71-461E-423B-9242-0CDFC6E432BA}.Release|Any CPU.Build.0 = Release|Any CPU
		{1BA6C7E6-F54C-463C-B235-3BD8D6D45BE7}.Debug|Any CPU.ActiveCfg = Debug|Any CPU
		{1BA6C7E6-F54C-463C-B235-3BD8D6D45BE7}.Debug|Any CPU.Build.0 = Debug|Any CPU
		{1BA6C7E6-F54C-463C-B235-3BD8D6D45BE7}.Release|Any CPU.ActiveCfg = Release|Any CPU
		{1BA6C7E6-F54C-463C-B235-3BD8D6D45BE7}.Release|Any CPU.Build.0 = Release|Any CPU
		{B24DE366-A5A5-45C0-975C-69418330A63E}.Debug|Any CPU.ActiveCfg = Debug|Any CPU
		{B24DE366-A5A5-45C0-975C-69418330A63E}.Debug|Any CPU.Build.0 = Debug|Any CPU
		{B24DE366-A5A5-45C0-975C-69418330A63E}.Release|Any CPU.ActiveCfg = Release|Any CPU
		{B24DE366-A5A5-45C0-975C-69418330A63E}.Release|Any CPU.Build.0 = Release|Any CPU
		{40FAB5CF-269B-4493-B326-CB06B95D82FD}.Debug|Any CPU.ActiveCfg = Debug|Any CPU
		{40FAB5CF-269B-4493-B326-CB06B95D82FD}.Debug|Any CPU.Build.0 = Debug|Any CPU
		{40FAB5CF-269B-4493-B326-CB06B95D82FD}.Release|Any CPU.ActiveCfg = Release|Any CPU
		{40FAB5CF-269B-4493-B326-CB06B95D82FD}.Release|Any CPU.Build.0 = Release|Any CPU
		{9BE2DB06-48C0-4284-8B87-1A12C397F36D}.Debug|Any CPU.ActiveCfg = Debug|Any CPU
		{9BE2DB06-48C0-4284-8B87-1A12C397F36D}.Debug|Any CPU.Build.0 = Debug|Any CPU
		{9BE2DB06-48C0-4284-8B87-1A12C397F36D}.Release|Any CPU.ActiveCfg = Release|Any CPU
		{9BE2DB06-48C0-4284-8B87-1A12C397F36D}.Release|Any CPU.Build.0 = Release|Any CPU
	EndGlobalSection
	GlobalSection(SolutionProperties) = preSolution
		HideSolutionNode = FALSE
	EndGlobalSection
	GlobalSection(ExtensibilityGlobals) = postSolution
		SolutionGuid = {4DAF3B53-3A6B-4210-9331-219E766372FC}
	EndGlobalSection
EndGlobal
